
Microsoft Visual Studio Solution File, Format Version 12.00
# Visual Studio 15
VisualStudioVersion = 15.0.28307.168
MinimumVisualStudioVersion = 10.0.40219.1
Project("{FAE04EC0-301F-11D3-BF4B-00C04F79EFBC}") = "QuickstartIdentityServer", "QuickstartIdentityServer\QuickstartIdentityServer.csproj", "{C85B5078-ACF2-410D-96B8-3880A5DEA5F8}"
EndProject
Project("{FAE04EC0-301F-11D3-BF4B-00C04F79EFBC}") = "Api", "Api\Api.csproj", "{8CA99CF4-E6D1-40F9-A549-8BBC727B1E5B}"
EndProject
Project("{FAE04EC0-301F-11D3-BF4B-00C04F79EFBC}") = "Client", "Client\Client.csproj", "{3440EC01-C9CE-4E5D-88D7-3D92B7B88F3D}"
EndProject
Global
	GlobalSection(SolutionConfigurationPlatforms) = preSolution
		Debug|Any CPU = Debug|Any CPU
		Release|Any CPU = Release|Any CPU
	EndGlobalSection
	GlobalSection(ProjectConfigurationPlatforms) = postSolution
		{C85B5078-ACF2-410D-96B8-3880A5DEA5F8}.Debug|Any CPU.ActiveCfg = Debug|Any CPU
		{C85B5078-ACF2-410D-96B8-3880A5DEA5F8}.Debug|Any CPU.Build.0 = Debug|Any CPU
		{C85B5078-ACF2-410D-96B8-3880A5DEA5F8}.Release|Any CPU.ActiveCfg = Release|Any CPU
		{C85B5078-ACF2-410D-96B8-3880A5DEA5F8}.Release|Any CPU.Build.0 = Release|Any CPU
		{8CA99CF4-E6D1-40F9-A549-8BBC727B1E5B}.Debug|Any CPU.ActiveCfg = Debug|Any CPU
		{8CA99CF4-E6D1-40F9-A549-8BBC727B1E5B}.Debug|Any CPU.Build.0 = Debug|Any CPU
		{8CA99CF4-E6D1-40F9-A549-8BBC727B1E5B}.Release|Any CPU.ActiveCfg = Release|Any CPU
		{8CA99CF4-E6D1-40F9-A549-8BBC727B1E5B}.Release|Any CPU.Build.0 = Release|Any CPU
		{3440EC01-C9CE-4E5D-88D7-3D92B7B88F3D}.Debug|Any CPU.ActiveCfg = Debug|Any CPU
		{3440EC01-C9CE-4E5D-88D7-3D92B7B88F3D}.Debug|Any CPU.Build.0 = Debug|Any CPU
		{3440EC01-C9CE-4E5D-88D7-3D92B7B88F3D}.Release|Any CPU.ActiveCfg = Release|Any CPU
		{3440EC01-C9CE-4E5D-88D7-3D92B7B88F3D}.Release|Any CPU.Build.0 = Release|Any CPU
	EndGlobalSection
	GlobalSection(SolutionProperties) = preSolution
		HideSolutionNode = FALSE
	EndGlobalSection
	GlobalSection(ExtensibilityGlobals) = postSolution
		SolutionGuid = {CB60F36F-BBDF-442E-80F1-359F1CA8F960}
	EndGlobalSection
EndGlobal
