
Microsoft Visual Studio Solution File, Format Version 12.00
# Visual Studio 15
VisualStudioVersion = 15.0.28307.168
MinimumVisualStudioVersion = 10.0.40219.1
Project("{FAE04EC0-301F-11D3-BF4B-00C04F79EFBC}") = "DockerServiceApi", "DockerServiceApi\DockerServiceApi.csproj", "{1770C6D2-61AD-40D2-94AB-64E5528E9447}"
EndProject
Global
	GlobalSection(SolutionConfigurationPlatforms) = preSolution
		Debug|Any CPU = Debug|Any CPU
		Release|Any CPU = Release|Any CPU
	EndGlobalSection
	GlobalSection(ProjectConfigurationPlatforms) = postSolution
		{1770C6D2-61AD-40D2-94AB-64E5528E9447}.Debug|Any CPU.ActiveCfg = Debug|Any CPU
		{1770C6D2-61AD-40D2-94AB-64E5528E9447}.Debug|Any CPU.Build.0 = Debug|Any CPU
		{1770C6D2-61AD-40D2-94AB-64E5528E9447}.Release|Any CPU.ActiveCfg = Release|Any CPU
		{1770C6D2-61AD-40D2-94AB-64E5528E9447}.Release|Any CPU.Build.0 = Release|Any CPU
	EndGlobalSection
	GlobalSection(SolutionProperties) = preSolution
		HideSolutionNode = FALSE
	EndGlobalSection
	GlobalSection(ExtensibilityGlobals) = postSolution
		SolutionGuid = {E6C6FB11-988B-4A10-8E03-EC7164F83F02}
	EndGlobalSection
EndGlobal
