
Microsoft Visual Studio Solution File, Format Version 12.00
# Visual Studio Version 16
VisualStudioVersion = 16.0.29609.76
MinimumVisualStudioVersion = 10.0.40219.1
Project("{FAE04EC0-301F-11D3-BF4B-00C04F79EFBC}") = "Api.Core", "Api.Core.csproj", "{16AFBF6A-5375-41F8-A520-EB06993E5E1F}"
EndProject
Project("{FAE04EC0-301F-11D3-BF4B-00C04F79EFBC}") = "Core.Common", "..\Core.Common\Core.Common.csproj", "{CBF9C403-1366-4339-B141-952AED8A62F9}"
EndProject
Global
	GlobalSection(SolutionConfigurationPlatforms) = preSolution
		Debug|Any CPU = Debug|Any CPU
		Release|Any CPU = Release|Any CPU
	EndGlobalSection
	GlobalSection(ProjectConfigurationPlatforms) = postSolution
		{16AFBF6A-5375-41F8-A520-EB06993E5E1F}.Debug|Any CPU.ActiveCfg = Debug|Any CPU
		{16AFBF6A-5375-41F8-A520-EB06993E5E1F}.Debug|Any CPU.Build.0 = Debug|Any CPU
		{16AFBF6A-5375-41F8-A520-EB06993E5E1F}.Release|Any CPU.ActiveCfg = Release|Any CPU
		{16AFBF6A-5375-41F8-A520-EB06993E5E1F}.Release|Any CPU.Build.0 = Release|Any CPU
		{CBF9C403-1366-4339-B141-952AED8A62F9}.Debug|Any CPU.ActiveCfg = Debug|Any CPU
		{CBF9C403-1366-4339-B141-952AED8A62F9}.Debug|Any CPU.Build.0 = Debug|Any CPU
		{CBF9C403-1366-4339-B141-952AED8A62F9}.Release|Any CPU.ActiveCfg = Release|Any CPU
		{CBF9C403-1366-4339-B141-952AED8A62F9}.Release|Any CPU.Build.0 = Release|Any CPU
	EndGlobalSection
	GlobalSection(SolutionProperties) = preSolution
		HideSolutionNode = FALSE
	EndGlobalSection
	GlobalSection(ExtensibilityGlobals) = postSolution
		SolutionGuid = {FECBC121-6ACE-4136-9DCF-8C1C8EAE2AC5}
	EndGlobalSection
EndGlobal
