
Microsoft Visual Studio Solution File, Format Version 12.00
# Visual Studio Version 16
VisualStudioVersion = 16.0.29609.76
MinimumVisualStudioVersion = 10.0.40219.1
Project("{FAE04EC0-301F-11D3-BF4B-00C04F79EFBC}") = "API.Core", "API.Core.csproj", "{7CD74120-6408-4999-9B4C-C65981037C77}"
EndProject
Project("{FAE04EC0-301F-11D3-BF4B-00C04F79EFBC}") = "API.Core.Common", "..\API.Core.Common\API.Core.Common.csproj", "{BDB74654-BDA6-407E-85AC-1C396D2E4B41}"
EndProject
Global
	GlobalSection(SolutionConfigurationPlatforms) = preSolution
		Debug|Any CPU = Debug|Any CPU
		Release|Any CPU = Release|Any CPU
	EndGlobalSection
	GlobalSection(ProjectConfigurationPlatforms) = postSolution
		{7CD74120-6408-4999-9B4C-C65981037C77}.Debug|Any CPU.ActiveCfg = Debug|Any CPU
		{7CD74120-6408-4999-9B4C-C65981037C77}.Debug|Any CPU.Build.0 = Debug|Any CPU
		{7CD74120-6408-4999-9B4C-C65981037C77}.Release|Any CPU.ActiveCfg = Release|Any CPU
		{7CD74120-6408-4999-9B4C-C65981037C77}.Release|Any CPU.Build.0 = Release|Any CPU
		{BDB74654-BDA6-407E-85AC-1C396D2E4B41}.Debug|Any CPU.ActiveCfg = Debug|Any CPU
		{BDB74654-BDA6-407E-85AC-1C396D2E4B41}.Debug|Any CPU.Build.0 = Debug|Any CPU
		{BDB74654-BDA6-407E-85AC-1C396D2E4B41}.Release|Any CPU.ActiveCfg = Release|Any CPU
		{BDB74654-BDA6-407E-85AC-1C396D2E4B41}.Release|Any CPU.Build.0 = Release|Any CPU
	EndGlobalSection
	GlobalSection(SolutionProperties) = preSolution
		HideSolutionNode = FALSE
	EndGlobalSection
	GlobalSection(ExtensibilityGlobals) = postSolution
		SolutionGuid = {2388AAC9-7970-4E4E-8826-12720BAD40D9}
	EndGlobalSection
EndGlobal
