
Microsoft Visual Studio Solution File, Format Version 12.00
# Visual Studio Version 16
VisualStudioVersion = 16.0.29609.76
MinimumVisualStudioVersion = 10.0.40219.1
Project("{9A19103F-16F7-4668-BE54-9A1E7A4F7556}") = "API.Core", "API.Core.csproj", "{A0A59396-3F08-4A2A-A11D-A3C6BECDF554}"
EndProject
Project("{FAE04EC0-301F-11D3-BF4B-00C04F79EFBC}") = "API.Core.Model", "API.Core.Model\API.Core.Model.csproj", "{80EB5FF1-FDCF-442D-8987-00DAAE27AE2F}"
EndProject
Project("{FAE04EC0-301F-11D3-BF4B-00C04F79EFBC}") = "API.Core.IServices", "API.Core.IServices\API.Core.IServices.csproj", "{8B66C692-6679-4D9B-AD24-F1D38006AAA8}"
EndProject
Project("{FAE04EC0-301F-11D3-BF4B-00C04F79EFBC}") = "API.Core.Services", "API.Core.Services\API.Core.Services.csproj", "{302C91A3-98E0-4E78-8536-EBFE9784C668}"
EndProject
Project("{FAE04EC0-301F-11D3-BF4B-00C04F79EFBC}") = "API.Core.IRepository", "API.Core.IRepository\API.Core.IRepository.csproj", "{3CA9222F-43DF-4FC1-8B81-0B2613730EA2}"
EndProject
Project("{FAE04EC0-301F-11D3-BF4B-00C04F79EFBC}") = "API.Core.Repository", "API.Core.Repository\API.Core.Repository.csproj", "{2944B194-0F6D-4EDB-B186-E5B01B7A223E}"
EndProject
Global
	GlobalSection(SolutionConfigurationPlatforms) = preSolution
		Debug|Any CPU = Debug|Any CPU
		Release|Any CPU = Release|Any CPU
	EndGlobalSection
	GlobalSection(ProjectConfigurationPlatforms) = postSolution
		{A0A59396-3F08-4A2A-A11D-A3C6BECDF554}.Debug|Any CPU.ActiveCfg = Debug|Any CPU
		{A0A59396-3F08-4A2A-A11D-A3C6BECDF554}.Debug|Any CPU.Build.0 = Debug|Any CPU
		{A0A59396-3F08-4A2A-A11D-A3C6BECDF554}.Release|Any CPU.ActiveCfg = Release|Any CPU
		{A0A59396-3F08-4A2A-A11D-A3C6BECDF554}.Release|Any CPU.Build.0 = Release|Any CPU
		{80EB5FF1-FDCF-442D-8987-00DAAE27AE2F}.Debug|Any CPU.ActiveCfg = Debug|Any CPU
		{80EB5FF1-FDCF-442D-8987-00DAAE27AE2F}.Debug|Any CPU.Build.0 = Debug|Any CPU
		{80EB5FF1-FDCF-442D-8987-00DAAE27AE2F}.Release|Any CPU.ActiveCfg = Release|Any CPU
		{80EB5FF1-FDCF-442D-8987-00DAAE27AE2F}.Release|Any CPU.Build.0 = Release|Any CPU
		{8B66C692-6679-4D9B-AD24-F1D38006AAA8}.Debug|Any CPU.ActiveCfg = Debug|Any CPU
		{8B66C692-6679-4D9B-AD24-F1D38006AAA8}.Debug|Any CPU.Build.0 = Debug|Any CPU
		{8B66C692-6679-4D9B-AD24-F1D38006AAA8}.Release|Any CPU.ActiveCfg = Release|Any CPU
		{8B66C692-6679-4D9B-AD24-F1D38006AAA8}.Release|Any CPU.Build.0 = Release|Any CPU
		{302C91A3-98E0-4E78-8536-EBFE9784C668}.Debug|Any CPU.ActiveCfg = Debug|Any CPU
		{302C91A3-98E0-4E78-8536-EBFE9784C668}.Debug|Any CPU.Build.0 = Debug|Any CPU
		{302C91A3-98E0-4E78-8536-EBFE9784C668}.Release|Any CPU.ActiveCfg = Release|Any CPU
		{302C91A3-98E0-4E78-8536-EBFE9784C668}.Release|Any CPU.Build.0 = Release|Any CPU
		{3CA9222F-43DF-4FC1-8B81-0B2613730EA2}.Debug|Any CPU.ActiveCfg = Debug|Any CPU
		{3CA9222F-43DF-4FC1-8B81-0B2613730EA2}.Debug|Any CPU.Build.0 = Debug|Any CPU
		{3CA9222F-43DF-4FC1-8B81-0B2613730EA2}.Release|Any CPU.ActiveCfg = Release|Any CPU
		{3CA9222F-43DF-4FC1-8B81-0B2613730EA2}.Release|Any CPU.Build.0 = Release|Any CPU
		{2944B194-0F6D-4EDB-B186-E5B01B7A223E}.Debug|Any CPU.ActiveCfg = Debug|Any CPU
		{2944B194-0F6D-4EDB-B186-E5B01B7A223E}.Debug|Any CPU.Build.0 = Debug|Any CPU
		{2944B194-0F6D-4EDB-B186-E5B01B7A223E}.Release|Any CPU.ActiveCfg = Release|Any CPU
		{2944B194-0F6D-4EDB-B186-E5B01B7A223E}.Release|Any CPU.Build.0 = Release|Any CPU
	EndGlobalSection
	GlobalSection(SolutionProperties) = preSolution
		HideSolutionNode = FALSE
	EndGlobalSection
	GlobalSection(ExtensibilityGlobals) = postSolution
		SolutionGuid = {F7A1347B-CCFF-4576-BE4B-6808B82B3DE2}
	EndGlobalSection
EndGlobal
