
Microsoft Visual Studio Solution File, Format Version 12.00
# Visual Studio Version 16
VisualStudioVersion = 16.0.29609.76
MinimumVisualStudioVersion = 10.0.40219.1
Project("{FAE04EC0-301F-11D3-BF4B-00C04F79EFBC}") = "Api.Core", "Api.Core.csproj", "{4F8996AB-C134-445E-AF15-98718F3F484C}"
EndProject
Global
	GlobalSection(SolutionConfigurationPlatforms) = preSolution
		Debug|Any CPU = Debug|Any CPU
		Release|Any CPU = Release|Any CPU
	EndGlobalSection
	GlobalSection(ProjectConfigurationPlatforms) = postSolution
		{4F8996AB-C134-445E-AF15-98718F3F484C}.Debug|Any CPU.ActiveCfg = Debug|Any CPU
		{4F8996AB-C134-445E-AF15-98718F3F484C}.Debug|Any CPU.Build.0 = Debug|Any CPU
		{4F8996AB-C134-445E-AF15-98718F3F484C}.Release|Any CPU.ActiveCfg = Release|Any CPU
		{4F8996AB-C134-445E-AF15-98718F3F484C}.Release|Any CPU.Build.0 = Release|Any CPU
	EndGlobalSection
	GlobalSection(SolutionProperties) = preSolution
		HideSolutionNode = FALSE
	EndGlobalSection
	GlobalSection(ExtensibilityGlobals) = postSolution
		SolutionGuid = {3D16223F-4C07-4FFF-B0A3-8DADFAAC6692}
	EndGlobalSection
EndGlobal
