
Microsoft Visual Studio Solution File, Format Version 12.00
# Visual Studio 15
VisualStudioVersion = 15.0.28307.168
MinimumVisualStudioVersion = 10.0.40219.1
Project("{9A19103F-16F7-4668-BE54-9A1E7A4F7556}") = "LearningRedisApi", "LearningRedisApi\LearningRedisApi.csproj", "{73743617-AC6A-4310-A5B8-FB8000C87462}"
EndProject
Project("{9A19103F-16F7-4668-BE54-9A1E7A4F7556}") = "DBCommon", "DBCommon\DBCommon.csproj", "{8D3E808C-D0FD-4353-BF79-6298D93F9813}"
EndProject
Project("{FAE04EC0-301F-11D3-BF4B-00C04F79EFBC}") = "Models", "Models\Models.csproj", "{721D508F-213D-4096-8055-34C727637451}"
EndProject
Project("{FAE04EC0-301F-11D3-BF4B-00C04F79EFBC}") = "Test", "BlogPostExample\Test.csproj", "{42046EA2-0913-48A0-8042-3D7C038C62AE}"
EndProject
Global
	GlobalSection(SolutionConfigurationPlatforms) = preSolution
		Debug|Any CPU = Debug|Any CPU
		Release|Any CPU = Release|Any CPU
	EndGlobalSection
	GlobalSection(ProjectConfigurationPlatforms) = postSolution
		{73743617-AC6A-4310-A5B8-FB8000C87462}.Debug|Any CPU.ActiveCfg = Debug|Any CPU
		{73743617-AC6A-4310-A5B8-FB8000C87462}.Debug|Any CPU.Build.0 = Debug|Any CPU
		{73743617-AC6A-4310-A5B8-FB8000C87462}.Release|Any CPU.ActiveCfg = Release|Any CPU
		{73743617-AC6A-4310-A5B8-FB8000C87462}.Release|Any CPU.Build.0 = Release|Any CPU
		{8D3E808C-D0FD-4353-BF79-6298D93F9813}.Debug|Any CPU.ActiveCfg = Debug|Any CPU
		{8D3E808C-D0FD-4353-BF79-6298D93F9813}.Debug|Any CPU.Build.0 = Debug|Any CPU
		{8D3E808C-D0FD-4353-BF79-6298D93F9813}.Release|Any CPU.ActiveCfg = Release|Any CPU
		{8D3E808C-D0FD-4353-BF79-6298D93F9813}.Release|Any CPU.Build.0 = Release|Any CPU
		{721D508F-213D-4096-8055-34C727637451}.Debug|Any CPU.ActiveCfg = Debug|Any CPU
		{721D508F-213D-4096-8055-34C727637451}.Debug|Any CPU.Build.0 = Debug|Any CPU
		{721D508F-213D-4096-8055-34C727637451}.Release|Any CPU.ActiveCfg = Release|Any CPU
		{721D508F-213D-4096-8055-34C727637451}.Release|Any CPU.Build.0 = Release|Any CPU
		{42046EA2-0913-48A0-8042-3D7C038C62AE}.Debug|Any CPU.ActiveCfg = Debug|Any CPU
		{42046EA2-0913-48A0-8042-3D7C038C62AE}.Debug|Any CPU.Build.0 = Debug|Any CPU
		{42046EA2-0913-48A0-8042-3D7C038C62AE}.Release|Any CPU.ActiveCfg = Release|Any CPU
		{42046EA2-0913-48A0-8042-3D7C038C62AE}.Release|Any CPU.Build.0 = Release|Any CPU
	EndGlobalSection
	GlobalSection(SolutionProperties) = preSolution
		HideSolutionNode = FALSE
	EndGlobalSection
	GlobalSection(ExtensibilityGlobals) = postSolution
		SolutionGuid = {C51D0263-693E-4017-B42A-BCFDCC1182EB}
	EndGlobalSection
EndGlobal
