
Microsoft Visual Studio Solution File, Format Version 12.00
# Visual Studio 15
VisualStudioVersion = 15.0.28307.168
MinimumVisualStudioVersion = 10.0.40219.1
Project("{9A19103F-16F7-4668-BE54-9A1E7A4F7556}") = "LearningHard", "LearningHard\LearningHard.csproj", "{E45C04C3-38BC-485C-9F51-DA9AA950E2B7}"
EndProject
Project("{9A19103F-16F7-4668-BE54-9A1E7A4F7556}") = "Entrust", "Entrust\Entrust.csproj", "{362A96DB-8719-40BA-B77B-973AD87B204A}"
EndProject
Project("{9A19103F-16F7-4668-BE54-9A1E7A4F7556}") = "Genericity", "Genericity\Genericity.csproj", "{24192BDC-63D8-4A52-90FF-A09EF0A1CFFD}"
EndProject
Project("{FAE04EC0-301F-11D3-BF4B-00C04F79EFBC}") = "ScreenshotWindows", "ScreenshotWindows\ScreenshotWindows.csproj", "{92744196-1243-4A6A-8779-E54BBC4910A1}"
EndProject
Project("{9A19103F-16F7-4668-BE54-9A1E7A4F7556}") = "Test", "Test\Test.csproj", "{DE124F79-6986-4439-BA21-75ACF34BB542}"
EndProject
Project("{FAE04EC0-301F-11D3-BF4B-00C04F79EFBC}") = "Screenshot", "Screenshot\Screenshot.csproj", "{CB8EC320-D1C7-41F7-B29A-93C8C0075640}"
EndProject
Project("{FAE04EC0-301F-11D3-BF4B-00C04F79EFBC}") = "CaptureImageTool", "CaptureImageTool\CaptureImageTool.csproj", "{13E62362-5D00-418F-83FF-99B2699746D7}"
EndProject
Project("{FAE04EC0-301F-11D3-BF4B-00C04F79EFBC}") = "RisCaptureLib", "RisCaptureLib\RisCaptureLib.csproj", "{605C4849-410B-4554-9B0D-AB7F25DD3FFA}"
EndProject
Project("{FAE04EC0-301F-11D3-BF4B-00C04F79EFBC}") = "WebApiClient", "WebApiClient\WebApiClient.csproj", "{DDE6281B-1026-46CC-B66A-7FD9D1611423}"
EndProject
Project("{FAE04EC0-301F-11D3-BF4B-00C04F79EFBC}") = "FactoryClass", "FactoryClass\FactoryClass.csproj", "{F4FA2FBE-29D7-430F-812E-1059C89C4A40}"
EndProject
Project("{FAE04EC0-301F-11D3-BF4B-00C04F79EFBC}") = "ProgressBar", "ProgressBar\ProgressBar.csproj", "{02552CBF-508C-41C1-9C16-FE8FEAF32E86}"
EndProject
Project("{FAE04EC0-301F-11D3-BF4B-00C04F79EFBC}") = "ThreadLearning", "ThreadLearning\ThreadLearning.csproj", "{6379033E-68F0-42D7-85A4-E64385888296}"
EndProject
Project("{FAE04EC0-301F-11D3-BF4B-00C04F79EFBC}") = "ThreadPool", "ThreadPool\ThreadPool.csproj", "{028750A4-47BB-4F56-AC1D-2D741E0F12EB}"
EndProject
Project("{9A19103F-16F7-4668-BE54-9A1E7A4F7556}") = "Asynchronization", "Asynchronization\Asynchronization.csproj", "{372F8DFD-560F-4AC3-956D-0B7AE6618D1C}"
EndProject
Project("{2150E333-8FDC-42A3-9474-1A3956D46DE8}") = "Plants", "Plants", "{625FECE9-B606-4D3F-9457-F84A74FB542A}"
EndProject
Project("{9A19103F-16F7-4668-BE54-9A1E7A4F7556}") = "Log", "Log\Log.csproj", "{2D086E80-63F3-4EAE-8235-915F94372DED}"
EndProject
Project("{2150E333-8FDC-42A3-9474-1A3956D46DE8}") = "BuilderModel", "BuilderModel", "{F6F2E874-B52B-48FD-A280-396348BA7B5F}"
EndProject
Project("{9A19103F-16F7-4668-BE54-9A1E7A4F7556}") = "Customer", "ConsoleApp1\Customer.csproj", "{0707B178-9453-46BC-A730-E49DC20E9E83}"
EndProject
Project("{FAE04EC0-301F-11D3-BF4B-00C04F79EFBC}") = "Decompression2", "Decompression2\Decompression2.csproj", "{E6E530F5-BE47-418D-ADD9-30341AE6BC97}"
EndProject
Project("{9A19103F-16F7-4668-BE54-9A1E7A4F7556}") = "Port", "Port\Port.csproj", "{B5CAA5C4-312F-4A26-8B29-9A5A33352821}"
EndProject
Project("{9A19103F-16F7-4668-BE54-9A1E7A4F7556}") = "Signalr", "Signalr\Signalr.csproj", "{3ABF5D10-4A1B-4A53-A803-8F63C6C19F8F}"
EndProject
Project("{FAE04EC0-301F-11D3-BF4B-00C04F79EFBC}") = "Lazyload", "Lazyload\Lazyload.csproj", "{E08ADA69-CC63-482A-AE8E-55E178F82E0E}"
EndProject
Project("{FAE04EC0-301F-11D3-BF4B-00C04F79EFBC}") = "MonitoringPort", "MonitoringPort\MonitoringPort.csproj", "{00B296D1-C269-4299-8BE9-8DDDBAB80211}"
EndProject
Project("{9A19103F-16F7-4668-BE54-9A1E7A4F7556}") = "Test2", "Test2\Test2.csproj", "{0F6758E7-AE44-4D64-B812-20F12D9A4A1D}"
EndProject
Project("{FAE04EC0-301F-11D3-BF4B-00C04F79EFBC}") = "SingletonDemo", "SingletonDemo\SingletonDemo.csproj", "{6357F962-CCC5-4C98-B874-55262E372749}"
EndProject
Project("{9A19103F-16F7-4668-BE54-9A1E7A4F7556}") = "MediatRTest", "MediatRTest\MediatRTest.csproj", "{B088A027-0AB0-4654-BC7D-39ECA2E466C0}"
EndProject
Project("{FAE04EC0-301F-11D3-BF4B-00C04F79EFBC}") = "WPFdll", "WPFdll\WPFdll.csproj", "{77861604-C29D-4B44-BC72-9E7600DBEB9C}"
EndProject
Project("{FAE04EC0-301F-11D3-BF4B-00C04F79EFBC}") = "ConsoleApp2", "ConsoleApp2\ConsoleApp2.csproj", "{31BEB36B-2D72-4768-B9D9-F6BE3ABE62F7}"
EndProject
Project("{9A19103F-16F7-4668-BE54-9A1E7A4F7556}") = "SignalrTest", "SignalrTest\SignalrTest.csproj", "{B08783BA-1E3E-4E83-AAF5-2DC3CB97FCCA}"
EndProject
Project("{FAE04EC0-301F-11D3-BF4B-00C04F79EFBC}") = "SignalrTest1", "SignalrTest1\SignalrTest1.csproj", "{243E15A0-0C73-468B-8C64-DD415E946394}"
EndProject
Project("{FAE04EC0-301F-11D3-BF4B-00C04F79EFBC}") = "WindowsFormsApp1", "WindowsFormsApp1\WindowsFormsApp1.csproj", "{24AB65BD-DB04-4732-95DD-29D91702CEE2}"
EndProject
Project("{FAE04EC0-301F-11D3-BF4B-00C04F79EFBC}") = "WpfApp1", "WpfApp1\WpfApp1.csproj", "{BF16812A-3664-4AB7-8BC6-B36E8E1A1625}"
EndProject
Project("{2150E333-8FDC-42A3-9474-1A3956D46DE8}") = "AutoMapper", "AutoMapper", "{0F58BB8E-1B68-4E8A-AC70-6315433D153A}"
EndProject
Project("{9A19103F-16F7-4668-BE54-9A1E7A4F7556}") = "AutoMapperDemo", "AutoMapperDemo\AutoMapperDemo.csproj", "{E52DF342-5F1D-45B4-B491-1143802A0DFF}"
EndProject
Project("{2150E333-8FDC-42A3-9474-1A3956D46DE8}") = "Autofac", "Autofac", "{F4CCAB0D-B3A7-42C4-B463-EA9BE81DE7FC}"
EndProject
Project("{9A19103F-16F7-4668-BE54-9A1E7A4F7556}") = "AutofacDemo", "AutofacDemo\AutofacDemo.csproj", "{44A1C015-2EA7-4CA2-8673-94BAFD6D4612}"
EndProject
Project("{FAE04EC0-301F-11D3-BF4B-00C04F79EFBC}") = "ExcelTest", "ExcelTest\ExcelTest.csproj", "{4B661BD6-02FF-436C-8858-D97F0A2D6099}"
EndProject
Project("{FAE04EC0-301F-11D3-BF4B-00C04F79EFBC}") = "ConsoleApp3", "ConsoleApp3\ConsoleApp3.csproj", "{1FE1A980-3658-4C3C-9128-95AD69467A4E}"
EndProject
Project("{2150E333-8FDC-42A3-9474-1A3956D46DE8}") = "多线程", "多线程", "{C540206B-5B80-4705-8892-AE537DEA3852}"
EndProject
Project("{FAE04EC0-301F-11D3-BF4B-00C04F79EFBC}") = "ThreadPoolTest", "ThreadPoolTest\ThreadPoolTest.csproj", "{D01BE578-6E83-44CF-93E5-5D2FC57D3361}"
EndProject
Global
	GlobalSection(SolutionConfigurationPlatforms) = preSolution
		Debug|Any CPU = Debug|Any CPU
		Release|Any CPU = Release|Any CPU
	EndGlobalSection
	GlobalSection(ProjectConfigurationPlatforms) = postSolution
		{E45C04C3-38BC-485C-9F51-DA9AA950E2B7}.Debug|Any CPU.ActiveCfg = Debug|Any CPU
		{E45C04C3-38BC-485C-9F51-DA9AA950E2B7}.Debug|Any CPU.Build.0 = Debug|Any CPU
		{E45C04C3-38BC-485C-9F51-DA9AA950E2B7}.Release|Any CPU.ActiveCfg = Release|Any CPU
		{E45C04C3-38BC-485C-9F51-DA9AA950E2B7}.Release|Any CPU.Build.0 = Release|Any CPU
		{362A96DB-8719-40BA-B77B-973AD87B204A}.Debug|Any CPU.ActiveCfg = Debug|Any CPU
		{362A96DB-8719-40BA-B77B-973AD87B204A}.Debug|Any CPU.Build.0 = Debug|Any CPU
		{362A96DB-8719-40BA-B77B-973AD87B204A}.Release|Any CPU.ActiveCfg = Release|Any CPU
		{362A96DB-8719-40BA-B77B-973AD87B204A}.Release|Any CPU.Build.0 = Release|Any CPU
		{24192BDC-63D8-4A52-90FF-A09EF0A1CFFD}.Debug|Any CPU.ActiveCfg = Debug|Any CPU
		{24192BDC-63D8-4A52-90FF-A09EF0A1CFFD}.Debug|Any CPU.Build.0 = Debug|Any CPU
		{24192BDC-63D8-4A52-90FF-A09EF0A1CFFD}.Release|Any CPU.ActiveCfg = Release|Any CPU
		{24192BDC-63D8-4A52-90FF-A09EF0A1CFFD}.Release|Any CPU.Build.0 = Release|Any CPU
		{92744196-1243-4A6A-8779-E54BBC4910A1}.Debug|Any CPU.ActiveCfg = Debug|Any CPU
		{92744196-1243-4A6A-8779-E54BBC4910A1}.Debug|Any CPU.Build.0 = Debug|Any CPU
		{92744196-1243-4A6A-8779-E54BBC4910A1}.Release|Any CPU.ActiveCfg = Release|Any CPU
		{92744196-1243-4A6A-8779-E54BBC4910A1}.Release|Any CPU.Build.0 = Release|Any CPU
		{DE124F79-6986-4439-BA21-75ACF34BB542}.Debug|Any CPU.ActiveCfg = Debug|Any CPU
		{DE124F79-6986-4439-BA21-75ACF34BB542}.Debug|Any CPU.Build.0 = Debug|Any CPU
		{DE124F79-6986-4439-BA21-75ACF34BB542}.Release|Any CPU.ActiveCfg = Release|Any CPU
		{DE124F79-6986-4439-BA21-75ACF34BB542}.Release|Any CPU.Build.0 = Release|Any CPU
		{CB8EC320-D1C7-41F7-B29A-93C8C0075640}.Debug|Any CPU.ActiveCfg = Debug|Any CPU
		{CB8EC320-D1C7-41F7-B29A-93C8C0075640}.Debug|Any CPU.Build.0 = Debug|Any CPU
		{CB8EC320-D1C7-41F7-B29A-93C8C0075640}.Release|Any CPU.ActiveCfg = Release|Any CPU
		{CB8EC320-D1C7-41F7-B29A-93C8C0075640}.Release|Any CPU.Build.0 = Release|Any CPU
		{13E62362-5D00-418F-83FF-99B2699746D7}.Debug|Any CPU.ActiveCfg = Debug|Any CPU
		{13E62362-5D00-418F-83FF-99B2699746D7}.Debug|Any CPU.Build.0 = Debug|Any CPU
		{13E62362-5D00-418F-83FF-99B2699746D7}.Release|Any CPU.ActiveCfg = Release|Any CPU
		{13E62362-5D00-418F-83FF-99B2699746D7}.Release|Any CPU.Build.0 = Release|Any CPU
		{605C4849-410B-4554-9B0D-AB7F25DD3FFA}.Debug|Any CPU.ActiveCfg = Debug|Any CPU
		{605C4849-410B-4554-9B0D-AB7F25DD3FFA}.Debug|Any CPU.Build.0 = Debug|Any CPU
		{605C4849-410B-4554-9B0D-AB7F25DD3FFA}.Release|Any CPU.ActiveCfg = Release|Any CPU
		{605C4849-410B-4554-9B0D-AB7F25DD3FFA}.Release|Any CPU.Build.0 = Release|Any CPU
		{DDE6281B-1026-46CC-B66A-7FD9D1611423}.Debug|Any CPU.ActiveCfg = Debug|Any CPU
		{DDE6281B-1026-46CC-B66A-7FD9D1611423}.Debug|Any CPU.Build.0 = Debug|Any CPU
		{DDE6281B-1026-46CC-B66A-7FD9D1611423}.Release|Any CPU.ActiveCfg = Release|Any CPU
		{DDE6281B-1026-46CC-B66A-7FD9D1611423}.Release|Any CPU.Build.0 = Release|Any CPU
		{F4FA2FBE-29D7-430F-812E-1059C89C4A40}.Debug|Any CPU.ActiveCfg = Debug|Any CPU
		{F4FA2FBE-29D7-430F-812E-1059C89C4A40}.Debug|Any CPU.Build.0 = Debug|Any CPU
		{F4FA2FBE-29D7-430F-812E-1059C89C4A40}.Release|Any CPU.ActiveCfg = Release|Any CPU
		{F4FA2FBE-29D7-430F-812E-1059C89C4A40}.Release|Any CPU.Build.0 = Release|Any CPU
		{02552CBF-508C-41C1-9C16-FE8FEAF32E86}.Debug|Any CPU.ActiveCfg = Debug|Any CPU
		{02552CBF-508C-41C1-9C16-FE8FEAF32E86}.Debug|Any CPU.Build.0 = Debug|Any CPU
		{02552CBF-508C-41C1-9C16-FE8FEAF32E86}.Release|Any CPU.ActiveCfg = Release|Any CPU
		{02552CBF-508C-41C1-9C16-FE8FEAF32E86}.Release|Any CPU.Build.0 = Release|Any CPU
		{6379033E-68F0-42D7-85A4-E64385888296}.Debug|Any CPU.ActiveCfg = Debug|Any CPU
		{6379033E-68F0-42D7-85A4-E64385888296}.Debug|Any CPU.Build.0 = Debug|Any CPU
		{6379033E-68F0-42D7-85A4-E64385888296}.Release|Any CPU.ActiveCfg = Release|Any CPU
		{6379033E-68F0-42D7-85A4-E64385888296}.Release|Any CPU.Build.0 = Release|Any CPU
		{028750A4-47BB-4F56-AC1D-2D741E0F12EB}.Debug|Any CPU.ActiveCfg = Debug|Any CPU
		{028750A4-47BB-4F56-AC1D-2D741E0F12EB}.Debug|Any CPU.Build.0 = Debug|Any CPU
		{028750A4-47BB-4F56-AC1D-2D741E0F12EB}.Release|Any CPU.ActiveCfg = Release|Any CPU
		{028750A4-47BB-4F56-AC1D-2D741E0F12EB}.Release|Any CPU.Build.0 = Release|Any CPU
		{372F8DFD-560F-4AC3-956D-0B7AE6618D1C}.Debug|Any CPU.ActiveCfg = Debug|Any CPU
		{372F8DFD-560F-4AC3-956D-0B7AE6618D1C}.Debug|Any CPU.Build.0 = Debug|Any CPU
		{372F8DFD-560F-4AC3-956D-0B7AE6618D1C}.Release|Any CPU.ActiveCfg = Release|Any CPU
		{372F8DFD-560F-4AC3-956D-0B7AE6618D1C}.Release|Any CPU.Build.0 = Release|Any CPU
		{2D086E80-63F3-4EAE-8235-915F94372DED}.Debug|Any CPU.ActiveCfg = Debug|Any CPU
		{2D086E80-63F3-4EAE-8235-915F94372DED}.Debug|Any CPU.Build.0 = Debug|Any CPU
		{2D086E80-63F3-4EAE-8235-915F94372DED}.Release|Any CPU.ActiveCfg = Release|Any CPU
		{2D086E80-63F3-4EAE-8235-915F94372DED}.Release|Any CPU.Build.0 = Release|Any CPU
		{0707B178-9453-46BC-A730-E49DC20E9E83}.Debug|Any CPU.ActiveCfg = Debug|Any CPU
		{0707B178-9453-46BC-A730-E49DC20E9E83}.Debug|Any CPU.Build.0 = Debug|Any CPU
		{0707B178-9453-46BC-A730-E49DC20E9E83}.Release|Any CPU.ActiveCfg = Release|Any CPU
		{0707B178-9453-46BC-A730-E49DC20E9E83}.Release|Any CPU.Build.0 = Release|Any CPU
		{E6E530F5-BE47-418D-ADD9-30341AE6BC97}.Debug|Any CPU.ActiveCfg = Debug|Any CPU
		{E6E530F5-BE47-418D-ADD9-30341AE6BC97}.Debug|Any CPU.Build.0 = Debug|Any CPU
		{E6E530F5-BE47-418D-ADD9-30341AE6BC97}.Release|Any CPU.ActiveCfg = Release|Any CPU
		{E6E530F5-BE47-418D-ADD9-30341AE6BC97}.Release|Any CPU.Build.0 = Release|Any CPU
		{B5CAA5C4-312F-4A26-8B29-9A5A33352821}.Debug|Any CPU.ActiveCfg = Debug|Any CPU
		{B5CAA5C4-312F-4A26-8B29-9A5A33352821}.Debug|Any CPU.Build.0 = Debug|Any CPU
		{B5CAA5C4-312F-4A26-8B29-9A5A33352821}.Release|Any CPU.ActiveCfg = Release|Any CPU
		{B5CAA5C4-312F-4A26-8B29-9A5A33352821}.Release|Any CPU.Build.0 = Release|Any CPU
		{3ABF5D10-4A1B-4A53-A803-8F63C6C19F8F}.Debug|Any CPU.ActiveCfg = Debug|Any CPU
		{3ABF5D10-4A1B-4A53-A803-8F63C6C19F8F}.Debug|Any CPU.Build.0 = Debug|Any CPU
		{3ABF5D10-4A1B-4A53-A803-8F63C6C19F8F}.Release|Any CPU.ActiveCfg = Release|Any CPU
		{3ABF5D10-4A1B-4A53-A803-8F63C6C19F8F}.Release|Any CPU.Build.0 = Release|Any CPU
		{E08ADA69-CC63-482A-AE8E-55E178F82E0E}.Debug|Any CPU.ActiveCfg = Debug|Any CPU
		{E08ADA69-CC63-482A-AE8E-55E178F82E0E}.Debug|Any CPU.Build.0 = Debug|Any CPU
		{E08ADA69-CC63-482A-AE8E-55E178F82E0E}.Release|Any CPU.ActiveCfg = Release|Any CPU
		{E08ADA69-CC63-482A-AE8E-55E178F82E0E}.Release|Any CPU.Build.0 = Release|Any CPU
		{00B296D1-C269-4299-8BE9-8DDDBAB80211}.Debug|Any CPU.ActiveCfg = Debug|Any CPU
		{00B296D1-C269-4299-8BE9-8DDDBAB80211}.Debug|Any CPU.Build.0 = Debug|Any CPU
		{00B296D1-C269-4299-8BE9-8DDDBAB80211}.Release|Any CPU.ActiveCfg = Release|Any CPU
		{00B296D1-C269-4299-8BE9-8DDDBAB80211}.Release|Any CPU.Build.0 = Release|Any CPU
		{0F6758E7-AE44-4D64-B812-20F12D9A4A1D}.Debug|Any CPU.ActiveCfg = Debug|Any CPU
		{0F6758E7-AE44-4D64-B812-20F12D9A4A1D}.Debug|Any CPU.Build.0 = Debug|Any CPU
		{0F6758E7-AE44-4D64-B812-20F12D9A4A1D}.Release|Any CPU.ActiveCfg = Release|Any CPU
		{0F6758E7-AE44-4D64-B812-20F12D9A4A1D}.Release|Any CPU.Build.0 = Release|Any CPU
		{6357F962-CCC5-4C98-B874-55262E372749}.Debug|Any CPU.ActiveCfg = Debug|Any CPU
		{6357F962-CCC5-4C98-B874-55262E372749}.Debug|Any CPU.Build.0 = Debug|Any CPU
		{6357F962-CCC5-4C98-B874-55262E372749}.Release|Any CPU.ActiveCfg = Release|Any CPU
		{6357F962-CCC5-4C98-B874-55262E372749}.Release|Any CPU.Build.0 = Release|Any CPU
		{B088A027-0AB0-4654-BC7D-39ECA2E466C0}.Debug|Any CPU.ActiveCfg = Debug|Any CPU
		{B088A027-0AB0-4654-BC7D-39ECA2E466C0}.Debug|Any CPU.Build.0 = Debug|Any CPU
		{B088A027-0AB0-4654-BC7D-39ECA2E466C0}.Release|Any CPU.ActiveCfg = Release|Any CPU
		{B088A027-0AB0-4654-BC7D-39ECA2E466C0}.Release|Any CPU.Build.0 = Release|Any CPU
		{77861604-C29D-4B44-BC72-9E7600DBEB9C}.Debug|Any CPU.ActiveCfg = Debug|Any CPU
		{77861604-C29D-4B44-BC72-9E7600DBEB9C}.Debug|Any CPU.Build.0 = Debug|Any CPU
		{77861604-C29D-4B44-BC72-9E7600DBEB9C}.Release|Any CPU.ActiveCfg = Release|Any CPU
		{77861604-C29D-4B44-BC72-9E7600DBEB9C}.Release|Any CPU.Build.0 = Release|Any CPU
		{31BEB36B-2D72-4768-B9D9-F6BE3ABE62F7}.Debug|Any CPU.ActiveCfg = Debug|Any CPU
		{31BEB36B-2D72-4768-B9D9-F6BE3ABE62F7}.Debug|Any CPU.Build.0 = Debug|Any CPU
		{31BEB36B-2D72-4768-B9D9-F6BE3ABE62F7}.Release|Any CPU.ActiveCfg = Release|Any CPU
		{31BEB36B-2D72-4768-B9D9-F6BE3ABE62F7}.Release|Any CPU.Build.0 = Release|Any CPU
		{B08783BA-1E3E-4E83-AAF5-2DC3CB97FCCA}.Debug|Any CPU.ActiveCfg = Debug|Any CPU
		{B08783BA-1E3E-4E83-AAF5-2DC3CB97FCCA}.Debug|Any CPU.Build.0 = Debug|Any CPU
		{B08783BA-1E3E-4E83-AAF5-2DC3CB97FCCA}.Release|Any CPU.ActiveCfg = Release|Any CPU
		{B08783BA-1E3E-4E83-AAF5-2DC3CB97FCCA}.Release|Any CPU.Build.0 = Release|Any CPU
		{243E15A0-0C73-468B-8C64-DD415E946394}.Debug|Any CPU.ActiveCfg = Debug|Any CPU
		{243E15A0-0C73-468B-8C64-DD415E946394}.Debug|Any CPU.Build.0 = Debug|Any CPU
		{243E15A0-0C73-468B-8C64-DD415E946394}.Release|Any CPU.ActiveCfg = Release|Any CPU
		{243E15A0-0C73-468B-8C64-DD415E946394}.Release|Any CPU.Build.0 = Release|Any CPU
		{24AB65BD-DB04-4732-95DD-29D91702CEE2}.Debug|Any CPU.ActiveCfg = Debug|Any CPU
		{24AB65BD-DB04-4732-95DD-29D91702CEE2}.Debug|Any CPU.Build.0 = Debug|Any CPU
		{24AB65BD-DB04-4732-95DD-29D91702CEE2}.Release|Any CPU.ActiveCfg = Release|Any CPU
		{24AB65BD-DB04-4732-95DD-29D91702CEE2}.Release|Any CPU.Build.0 = Release|Any CPU
		{BF16812A-3664-4AB7-8BC6-B36E8E1A1625}.Debug|Any CPU.ActiveCfg = Debug|Any CPU
		{BF16812A-3664-4AB7-8BC6-B36E8E1A1625}.Debug|Any CPU.Build.0 = Debug|Any CPU
		{BF16812A-3664-4AB7-8BC6-B36E8E1A1625}.Release|Any CPU.ActiveCfg = Release|Any CPU
		{BF16812A-3664-4AB7-8BC6-B36E8E1A1625}.Release|Any CPU.Build.0 = Release|Any CPU
		{E52DF342-5F1D-45B4-B491-1143802A0DFF}.Debug|Any CPU.ActiveCfg = Debug|Any CPU
		{E52DF342-5F1D-45B4-B491-1143802A0DFF}.Debug|Any CPU.Build.0 = Debug|Any CPU
		{E52DF342-5F1D-45B4-B491-1143802A0DFF}.Release|Any CPU.ActiveCfg = Release|Any CPU
		{E52DF342-5F1D-45B4-B491-1143802A0DFF}.Release|Any CPU.Build.0 = Release|Any CPU
		{44A1C015-2EA7-4CA2-8673-94BAFD6D4612}.Debug|Any CPU.ActiveCfg = Debug|Any CPU
		{44A1C015-2EA7-4CA2-8673-94BAFD6D4612}.Debug|Any CPU.Build.0 = Debug|Any CPU
		{44A1C015-2EA7-4CA2-8673-94BAFD6D4612}.Release|Any CPU.ActiveCfg = Release|Any CPU
		{44A1C015-2EA7-4CA2-8673-94BAFD6D4612}.Release|Any CPU.Build.0 = Release|Any CPU
		{4B661BD6-02FF-436C-8858-D97F0A2D6099}.Debug|Any CPU.ActiveCfg = Debug|Any CPU
		{4B661BD6-02FF-436C-8858-D97F0A2D6099}.Debug|Any CPU.Build.0 = Debug|Any CPU
		{4B661BD6-02FF-436C-8858-D97F0A2D6099}.Release|Any CPU.ActiveCfg = Release|Any CPU
		{4B661BD6-02FF-436C-8858-D97F0A2D6099}.Release|Any CPU.Build.0 = Release|Any CPU
		{1FE1A980-3658-4C3C-9128-95AD69467A4E}.Debug|Any CPU.ActiveCfg = Debug|Any CPU
		{1FE1A980-3658-4C3C-9128-95AD69467A4E}.Debug|Any CPU.Build.0 = Debug|Any CPU
		{1FE1A980-3658-4C3C-9128-95AD69467A4E}.Release|Any CPU.ActiveCfg = Release|Any CPU
		{1FE1A980-3658-4C3C-9128-95AD69467A4E}.Release|Any CPU.Build.0 = Release|Any CPU
		{D01BE578-6E83-44CF-93E5-5D2FC57D3361}.Debug|Any CPU.ActiveCfg = Debug|Any CPU
		{D01BE578-6E83-44CF-93E5-5D2FC57D3361}.Debug|Any CPU.Build.0 = Debug|Any CPU
		{D01BE578-6E83-44CF-93E5-5D2FC57D3361}.Release|Any CPU.ActiveCfg = Release|Any CPU
		{D01BE578-6E83-44CF-93E5-5D2FC57D3361}.Release|Any CPU.Build.0 = Release|Any CPU
	EndGlobalSection
	GlobalSection(SolutionProperties) = preSolution
		HideSolutionNode = FALSE
	EndGlobalSection
	GlobalSection(NestedProjects) = preSolution
		{2D086E80-63F3-4EAE-8235-915F94372DED} = {625FECE9-B606-4D3F-9457-F84A74FB542A}
		{0707B178-9453-46BC-A730-E49DC20E9E83} = {F6F2E874-B52B-48FD-A280-396348BA7B5F}
		{E52DF342-5F1D-45B4-B491-1143802A0DFF} = {0F58BB8E-1B68-4E8A-AC70-6315433D153A}
		{44A1C015-2EA7-4CA2-8673-94BAFD6D4612} = {F4CCAB0D-B3A7-42C4-B463-EA9BE81DE7FC}
		{D01BE578-6E83-44CF-93E5-5D2FC57D3361} = {C540206B-5B80-4705-8892-AE537DEA3852}
	EndGlobalSection
	GlobalSection(ExtensibilityGlobals) = postSolution
		SolutionGuid = {2F806933-21E0-43CD-8A22-4EFE3B15AE1B}
	EndGlobalSection
EndGlobal
