
Microsoft Visual Studio Solution File, Format Version 12.00
# Visual Studio 15
VisualStudioVersion = 15.0.28307.168
MinimumVisualStudioVersion = 10.0.40219.1
Project("{FAE04EC0-301F-11D3-BF4B-00C04F79EFBC}") = "LearningHard", "LearningHard\LearningHard.csproj", "{E45C04C3-38BC-485C-9F51-DA9AA950E2B7}"
EndProject
Global
	GlobalSection(SolutionConfigurationPlatforms) = preSolution
		Debug|Any CPU = Debug|Any CPU
		Release|Any CPU = Release|Any CPU
	EndGlobalSection
	GlobalSection(ProjectConfigurationPlatforms) = postSolution
		{E45C04C3-38BC-485C-9F51-DA9AA950E2B7}.Debug|Any CPU.ActiveCfg = Debug|Any CPU
		{E45C04C3-38BC-485C-9F51-DA9AA950E2B7}.Debug|Any CPU.Build.0 = Debug|Any CPU
		{E45C04C3-38BC-485C-9F51-DA9AA950E2B7}.Release|Any CPU.ActiveCfg = Release|Any CPU
		{E45C04C3-38BC-485C-9F51-DA9AA950E2B7}.Release|Any CPU.Build.0 = Release|Any CPU
	EndGlobalSection
	GlobalSection(SolutionProperties) = preSolution
		HideSolutionNode = FALSE
	EndGlobalSection
	GlobalSection(ExtensibilityGlobals) = postSolution
		SolutionGuid = {2F806933-21E0-43CD-8A22-4EFE3B15AE1B}
	EndGlobalSection
EndGlobal
