
Microsoft Visual Studio Solution File, Format Version 12.00
# Visual Studio 15
VisualStudioVersion = 15.0.28307.168
MinimumVisualStudioVersion = 10.0.40219.1
Project("{FAE04EC0-301F-11D3-BF4B-00C04F79EFBC}") = "RedisCore", "RedisCore\RedisCore.csproj", "{36FCB17E-D473-4739-B601-1D7B5AD4C0CE}"
EndProject
Global
	GlobalSection(SolutionConfigurationPlatforms) = preSolution
		Debug|Any CPU = Debug|Any CPU
		Release|Any CPU = Release|Any CPU
	EndGlobalSection
	GlobalSection(ProjectConfigurationPlatforms) = postSolution
		{36FCB17E-D473-4739-B601-1D7B5AD4C0CE}.Debug|Any CPU.ActiveCfg = Debug|Any CPU
		{36FCB17E-D473-4739-B601-1D7B5AD4C0CE}.Debug|Any CPU.Build.0 = Debug|Any CPU
		{36FCB17E-D473-4739-B601-1D7B5AD4C0CE}.Release|Any CPU.ActiveCfg = Release|Any CPU
		{36FCB17E-D473-4739-B601-1D7B5AD4C0CE}.Release|Any CPU.Build.0 = Release|Any CPU
	EndGlobalSection
	GlobalSection(SolutionProperties) = preSolution
		HideSolutionNode = FALSE
	EndGlobalSection
	GlobalSection(ExtensibilityGlobals) = postSolution
		SolutionGuid = {01E54A0D-43EC-4DF2-97E5-49E04F113FB5}
	EndGlobalSection
EndGlobal
