
Microsoft Visual Studio Solution File, Format Version 12.00
# Visual Studio 15
VisualStudioVersion = 15.0.28307.168
MinimumVisualStudioVersion = 10.0.40219.1
Project("{FAE04EC0-301F-11D3-BF4B-00C04F79EFBC}") = "WebApi", "WebApi\WebApi.csproj", "{81F806EF-7A3E-4F3E-BC39-B1681DA789A0}"
EndProject
Project("{FAE04EC0-301F-11D3-BF4B-00C04F79EFBC}") = "Model", "Model\Model.csproj", "{5D330AD7-C070-44F3-BED5-3766D580B131}"
EndProject
Project("{FAE04EC0-301F-11D3-BF4B-00C04F79EFBC}") = "IRepository", "IRepository\IRepository.csproj", "{0839B88C-1E47-45E6-A034-39354BCBE7B4}"
EndProject
Project("{FAE04EC0-301F-11D3-BF4B-00C04F79EFBC}") = "IServices", "IServices\IServices.csproj", "{A81A30C8-AA63-45BF-BBB9-0FA9886D969C}"
EndProject
Project("{FAE04EC0-301F-11D3-BF4B-00C04F79EFBC}") = "Repository", "Repository\Repository.csproj", "{ECF6D4C8-3643-49AA-9E2A-44400347016B}"
EndProject
Project("{FAE04EC0-301F-11D3-BF4B-00C04F79EFBC}") = "Services", "Services\Services.csproj", "{BD831EE2-6667-4317-929F-34DA73917380}"
EndProject
Project("{FAE04EC0-301F-11D3-BF4B-00C04F79EFBC}") = "Common", "Common\Common.csproj", "{6FD8D8EB-A909-4FD9-84FD-250DF6B4272E}"
EndProject
Global
	GlobalSection(SolutionConfigurationPlatforms) = preSolution
		Debug|Any CPU = Debug|Any CPU
		Release|Any CPU = Release|Any CPU
	EndGlobalSection
	GlobalSection(ProjectConfigurationPlatforms) = postSolution
		{81F806EF-7A3E-4F3E-BC39-B1681DA789A0}.Debug|Any CPU.ActiveCfg = Debug|Any CPU
		{81F806EF-7A3E-4F3E-BC39-B1681DA789A0}.Debug|Any CPU.Build.0 = Debug|Any CPU
		{81F806EF-7A3E-4F3E-BC39-B1681DA789A0}.Release|Any CPU.ActiveCfg = Release|Any CPU
		{81F806EF-7A3E-4F3E-BC39-B1681DA789A0}.Release|Any CPU.Build.0 = Release|Any CPU
		{5D330AD7-C070-44F3-BED5-3766D580B131}.Debug|Any CPU.ActiveCfg = Debug|Any CPU
		{5D330AD7-C070-44F3-BED5-3766D580B131}.Debug|Any CPU.Build.0 = Debug|Any CPU
		{5D330AD7-C070-44F3-BED5-3766D580B131}.Release|Any CPU.ActiveCfg = Release|Any CPU
		{5D330AD7-C070-44F3-BED5-3766D580B131}.Release|Any CPU.Build.0 = Release|Any CPU
		{0839B88C-1E47-45E6-A034-39354BCBE7B4}.Debug|Any CPU.ActiveCfg = Debug|Any CPU
		{0839B88C-1E47-45E6-A034-39354BCBE7B4}.Debug|Any CPU.Build.0 = Debug|Any CPU
		{0839B88C-1E47-45E6-A034-39354BCBE7B4}.Release|Any CPU.ActiveCfg = Release|Any CPU
		{0839B88C-1E47-45E6-A034-39354BCBE7B4}.Release|Any CPU.Build.0 = Release|Any CPU
		{A81A30C8-AA63-45BF-BBB9-0FA9886D969C}.Debug|Any CPU.ActiveCfg = Debug|Any CPU
		{A81A30C8-AA63-45BF-BBB9-0FA9886D969C}.Debug|Any CPU.Build.0 = Debug|Any CPU
		{A81A30C8-AA63-45BF-BBB9-0FA9886D969C}.Release|Any CPU.ActiveCfg = Release|Any CPU
		{A81A30C8-AA63-45BF-BBB9-0FA9886D969C}.Release|Any CPU.Build.0 = Release|Any CPU
		{ECF6D4C8-3643-49AA-9E2A-44400347016B}.Debug|Any CPU.ActiveCfg = Debug|Any CPU
		{ECF6D4C8-3643-49AA-9E2A-44400347016B}.Debug|Any CPU.Build.0 = Debug|Any CPU
		{ECF6D4C8-3643-49AA-9E2A-44400347016B}.Release|Any CPU.ActiveCfg = Release|Any CPU
		{ECF6D4C8-3643-49AA-9E2A-44400347016B}.Release|Any CPU.Build.0 = Release|Any CPU
		{BD831EE2-6667-4317-929F-34DA73917380}.Debug|Any CPU.ActiveCfg = Debug|Any CPU
		{BD831EE2-6667-4317-929F-34DA73917380}.Debug|Any CPU.Build.0 = Debug|Any CPU
		{BD831EE2-6667-4317-929F-34DA73917380}.Release|Any CPU.ActiveCfg = Release|Any CPU
		{BD831EE2-6667-4317-929F-34DA73917380}.Release|Any CPU.Build.0 = Release|Any CPU
		{6FD8D8EB-A909-4FD9-84FD-250DF6B4272E}.Debug|Any CPU.ActiveCfg = Debug|Any CPU
		{6FD8D8EB-A909-4FD9-84FD-250DF6B4272E}.Debug|Any CPU.Build.0 = Debug|Any CPU
		{6FD8D8EB-A909-4FD9-84FD-250DF6B4272E}.Release|Any CPU.ActiveCfg = Release|Any CPU
		{6FD8D8EB-A909-4FD9-84FD-250DF6B4272E}.Release|Any CPU.Build.0 = Release|Any CPU
	EndGlobalSection
	GlobalSection(SolutionProperties) = preSolution
		HideSolutionNode = FALSE
	EndGlobalSection
	GlobalSection(ExtensibilityGlobals) = postSolution
		SolutionGuid = {555A54F0-E4E7-41CF-85B4-84CF3954CADA}
	EndGlobalSection
EndGlobal
