
Microsoft Visual Studio Solution File, Format Version 12.00
# Visual Studio Version 16
VisualStudioVersion = 16.0.29215.179
MinimumVisualStudioVersion = 10.0.40219.1
Project("{9A19103F-16F7-4668-BE54-9A1E7A4F7556}") = "TestCore", "TestCore.csproj", "{8B3897B9-63AB-46BE-B63F-7EBED8E1C50C}"
EndProject
Project("{FAE04EC0-301F-11D3-BF4B-00C04F79EFBC}") = "Bin", "..\Bin\Bin.csproj", "{87080B7D-FC2E-4F78-8ADF-7E69EAB69AB5}"
EndProject
Global
	GlobalSection(SolutionConfigurationPlatforms) = preSolution
		Debug|Any CPU = Debug|Any CPU
		Release|Any CPU = Release|Any CPU
	EndGlobalSection
	GlobalSection(ProjectConfigurationPlatforms) = postSolution
		{8B3897B9-63AB-46BE-B63F-7EBED8E1C50C}.Debug|Any CPU.ActiveCfg = Debug|Any CPU
		{8B3897B9-63AB-46BE-B63F-7EBED8E1C50C}.Debug|Any CPU.Build.0 = Debug|Any CPU
		{8B3897B9-63AB-46BE-B63F-7EBED8E1C50C}.Release|Any CPU.ActiveCfg = Release|Any CPU
		{8B3897B9-63AB-46BE-B63F-7EBED8E1C50C}.Release|Any CPU.Build.0 = Release|Any CPU
		{87080B7D-FC2E-4F78-8ADF-7E69EAB69AB5}.Debug|Any CPU.ActiveCfg = Debug|Any CPU
		{87080B7D-FC2E-4F78-8ADF-7E69EAB69AB5}.Debug|Any CPU.Build.0 = Debug|Any CPU
		{87080B7D-FC2E-4F78-8ADF-7E69EAB69AB5}.Release|Any CPU.ActiveCfg = Release|Any CPU
		{87080B7D-FC2E-4F78-8ADF-7E69EAB69AB5}.Release|Any CPU.Build.0 = Release|Any CPU
	EndGlobalSection
	GlobalSection(SolutionProperties) = preSolution
		HideSolutionNode = FALSE
	EndGlobalSection
	GlobalSection(ExtensibilityGlobals) = postSolution
		SolutionGuid = {713B4937-3B7D-4513-B5EF-4ED0B4E3B34E}
	EndGlobalSection
EndGlobal
