
Microsoft Visual Studio Solution File, Format Version 12.00
# Visual Studio 15
VisualStudioVersion = 15.0.28307.168
MinimumVisualStudioVersion = 10.0.40219.1
Project("{FAE04EC0-301F-11D3-BF4B-00C04F79EFBC}") = "FreeSqlTest", "FreeSqlTest\FreeSqlTest.csproj", "{B2D9231A-3C8F-483E-8AD5-DE8AB6E40DB4}"
EndProject
Global
	GlobalSection(SolutionConfigurationPlatforms) = preSolution
		Debug|Any CPU = Debug|Any CPU
		Release|Any CPU = Release|Any CPU
	EndGlobalSection
	GlobalSection(ProjectConfigurationPlatforms) = postSolution
		{B2D9231A-3C8F-483E-8AD5-DE8AB6E40DB4}.Debug|Any CPU.ActiveCfg = Debug|Any CPU
		{B2D9231A-3C8F-483E-8AD5-DE8AB6E40DB4}.Debug|Any CPU.Build.0 = Debug|Any CPU
		{B2D9231A-3C8F-483E-8AD5-DE8AB6E40DB4}.Release|Any CPU.ActiveCfg = Release|Any CPU
		{B2D9231A-3C8F-483E-8AD5-DE8AB6E40DB4}.Release|Any CPU.Build.0 = Release|Any CPU
	EndGlobalSection
	GlobalSection(SolutionProperties) = preSolution
		HideSolutionNode = FALSE
	EndGlobalSection
	GlobalSection(ExtensibilityGlobals) = postSolution
		SolutionGuid = {00615099-1144-445E-86A4-7B2FAE7ED984}
	EndGlobalSection
EndGlobal
